
Microsoft Visual Studio Solution File, Format Version 12.00
# Visual Studio Version 17
VisualStudioVersion = 17.12.35527.113 d17.12
MinimumVisualStudioVersion = 10.0.40219.1
Project("{2150E333-8FDC-42A3-9474-1A3956D46DE8}") = "Console", "Console", "{AA819677-967A-40C9-B2FD-EC09A646CF99}"
EndProject
Project("{2150E333-8FDC-42A3-9474-1A3956D46DE8}") = "Maui", "Maui", "{D9A75FA9-37DC-4D72-A0FD-F1D3EFE7172D}"
EndProject
Project("{FAE04EC0-301F-11D3-BF4B-00C04F79EFBC}") = "Tests", "Tests\Tests.csproj", "{7396B4D3-3928-4E59-9E21-AB506D95B085}"
EndProject
Project("{FAE04EC0-301F-11D3-BF4B-00C04F79EFBC}") = "FillSQLDataBase", "FillSQLDataBase\FillSQLDataBase.csproj", "{95703107-126A-414F-AAE2-A5CC23339E63}"
EndProject
Project("{FAE04EC0-301F-11D3-BF4B-00C04F79EFBC}") = "Setup", "Setup\Setup.csproj", "{C333E675-5BFC-4D64-9EC0-E53F10AE9795}"
EndProject
Project("{2150E333-8FDC-42A3-9474-1A3956D46DE8}") = "_Libs", "_Libs", "{9DC85731-67D1-49DF-B697-B26232C97CFB}"
EndProject
Project("{2150E333-8FDC-42A3-9474-1A3956D46DE8}") = "_Util", "_Util", "{4DE2FC0E-E960-4199-8207-185814F361E9}"
EndProject
Project("{FAE04EC0-301F-11D3-BF4B-00C04F79EFBC}") = "DataLib", "DataLib\DataLib.csproj", "{6B9FE70F-FFED-488F-BA62-17DC9D5DDB2A}"
EndProject
Project("{FAE04EC0-301F-11D3-BF4B-00C04F79EFBC}") = "OrderPickerApp", "OrderPickerApp\OrderPickerApp.csproj", "{8C4F9624-92F0-4BBC-B401-144D9641A2C4}"
EndProject
Global
	GlobalSection(SolutionConfigurationPlatforms) = preSolution
		Debug|ARM = Debug|ARM
		Debug|x64 = Debug|x64
		Debug|x86 = Debug|x86
		Release|ARM = Release|ARM
		Release|x64 = Release|x64
		Release|x86 = Release|x86
	EndGlobalSection
	GlobalSection(ProjectConfigurationPlatforms) = postSolution
		{7396B4D3-3928-4E59-9E21-AB506D95B085}.Debug|ARM.ActiveCfg = Debug|Any CPU
		{7396B4D3-3928-4E59-9E21-AB506D95B085}.Debug|ARM.Build.0 = Debug|Any CPU
		{7396B4D3-3928-4E59-9E21-AB506D95B085}.Debug|x64.ActiveCfg = Debug|Any CPU
		{7396B4D3-3928-4E59-9E21-AB506D95B085}.Debug|x64.Build.0 = Debug|Any CPU
		{7396B4D3-3928-4E59-9E21-AB506D95B085}.Debug|x86.ActiveCfg = Debug|Any CPU
		{7396B4D3-3928-4E59-9E21-AB506D95B085}.Debug|x86.Build.0 = Debug|Any CPU
		{7396B4D3-3928-4E59-9E21-AB506D95B085}.Release|ARM.ActiveCfg = Release|Any CPU
		{7396B4D3-3928-4E59-9E21-AB506D95B085}.Release|ARM.Build.0 = Release|Any CPU
		{7396B4D3-3928-4E59-9E21-AB506D95B085}.Release|x64.ActiveCfg = Release|Any CPU
		{7396B4D3-3928-4E59-9E21-AB506D95B085}.Release|x64.Build.0 = Release|Any CPU
		{7396B4D3-3928-4E59-9E21-AB506D95B085}.Release|x86.ActiveCfg = Release|Any CPU
		{7396B4D3-3928-4E59-9E21-AB506D95B085}.Release|x86.Build.0 = Release|Any CPU
		{95703107-126A-414F-AAE2-A5CC23339E63}.Debug|ARM.ActiveCfg = Debug|Any CPU
		{95703107-126A-414F-AAE2-A5CC23339E63}.Debug|ARM.Build.0 = Debug|Any CPU
		{95703107-126A-414F-AAE2-A5CC23339E63}.Debug|x64.ActiveCfg = Debug|Any CPU
		{95703107-126A-414F-AAE2-A5CC23339E63}.Debug|x64.Build.0 = Debug|Any CPU
		{95703107-126A-414F-AAE2-A5CC23339E63}.Debug|x86.ActiveCfg = Debug|Any CPU
		{95703107-126A-414F-AAE2-A5CC23339E63}.Debug|x86.Build.0 = Debug|Any CPU
		{95703107-126A-414F-AAE2-A5CC23339E63}.Release|ARM.ActiveCfg = Release|Any CPU
		{95703107-126A-414F-AAE2-A5CC23339E63}.Release|ARM.Build.0 = Release|Any CPU
		{95703107-126A-414F-AAE2-A5CC23339E63}.Release|x64.ActiveCfg = Release|Any CPU
		{95703107-126A-414F-AAE2-A5CC23339E63}.Release|x64.Build.0 = Release|Any CPU
		{95703107-126A-414F-AAE2-A5CC23339E63}.Release|x86.ActiveCfg = Release|Any CPU
		{95703107-126A-414F-AAE2-A5CC23339E63}.Release|x86.Build.0 = Release|Any CPU
		{C333E675-5BFC-4D64-9EC0-E53F10AE9795}.Debug|ARM.ActiveCfg = Debug|Any CPU
		{C333E675-5BFC-4D64-9EC0-E53F10AE9795}.Debug|ARM.Build.0 = Debug|Any CPU
		{C333E675-5BFC-4D64-9EC0-E53F10AE9795}.Debug|x64.ActiveCfg = Debug|Any CPU
		{C333E675-5BFC-4D64-9EC0-E53F10AE9795}.Debug|x64.Build.0 = Debug|Any CPU
		{C333E675-5BFC-4D64-9EC0-E53F10AE9795}.Debug|x86.ActiveCfg = Debug|Any CPU
		{C333E675-5BFC-4D64-9EC0-E53F10AE9795}.Debug|x86.Build.0 = Debug|Any CPU
		{C333E675-5BFC-4D64-9EC0-E53F10AE9795}.Release|ARM.ActiveCfg = Release|Any CPU
		{C333E675-5BFC-4D64-9EC0-E53F10AE9795}.Release|ARM.Build.0 = Release|Any CPU
		{C333E675-5BFC-4D64-9EC0-E53F10AE9795}.Release|x64.ActiveCfg = Release|Any CPU
		{C333E675-5BFC-4D64-9EC0-E53F10AE9795}.Release|x64.Build.0 = Release|Any CPU
		{C333E675-5BFC-4D64-9EC0-E53F10AE9795}.Release|x86.ActiveCfg = Release|Any CPU
		{C333E675-5BFC-4D64-9EC0-E53F10AE9795}.Release|x86.Build.0 = Release|Any CPU
		{6B9FE70F-FFED-488F-BA62-17DC9D5DDB2A}.Debug|ARM.ActiveCfg = Debug|Any CPU
		{6B9FE70F-FFED-488F-BA62-17DC9D5DDB2A}.Debug|ARM.Build.0 = Debug|Any CPU
		{6B9FE70F-FFED-488F-BA62-17DC9D5DDB2A}.Debug|x64.ActiveCfg = Debug|Any CPU
		{6B9FE70F-FFED-488F-BA62-17DC9D5DDB2A}.Debug|x64.Build.0 = Debug|Any CPU
		{6B9FE70F-FFED-488F-BA62-17DC9D5DDB2A}.Debug|x86.ActiveCfg = Debug|Any CPU
		{6B9FE70F-FFED-488F-BA62-17DC9D5DDB2A}.Debug|x86.Build.0 = Debug|Any CPU
		{6B9FE70F-FFED-488F-BA62-17DC9D5DDB2A}.Release|ARM.ActiveCfg = Release|Any CPU
		{6B9FE70F-FFED-488F-BA62-17DC9D5DDB2A}.Release|ARM.Build.0 = Release|Any CPU
		{6B9FE70F-FFED-488F-BA62-17DC9D5DDB2A}.Release|x64.ActiveCfg = Release|Any CPU
		{6B9FE70F-FFED-488F-BA62-17DC9D5DDB2A}.Release|x64.Build.0 = Release|Any CPU
		{6B9FE70F-FFED-488F-BA62-17DC9D5DDB2A}.Release|x86.ActiveCfg = Release|Any CPU
		{6B9FE70F-FFED-488F-BA62-17DC9D5DDB2A}.Release|x86.Build.0 = Release|Any CPU
		{8C4F9624-92F0-4BBC-B401-144D9641A2C4}.Debug|ARM.ActiveCfg = Debug|Any CPU
		{8C4F9624-92F0-4BBC-B401-144D9641A2C4}.Debug|ARM.Build.0 = Debug|Any CPU
		{8C4F9624-92F0-4BBC-B401-144D9641A2C4}.Debug|x64.ActiveCfg = Debug|Any CPU
		{8C4F9624-92F0-4BBC-B401-144D9641A2C4}.Debug|x64.Build.0 = Debug|Any CPU
		{8C4F9624-92F0-4BBC-B401-144D9641A2C4}.Debug|x86.ActiveCfg = Debug|Any CPU
		{8C4F9624-92F0-4BBC-B401-144D9641A2C4}.Debug|x86.Build.0 = Debug|Any CPU
		{8C4F9624-92F0-4BBC-B401-144D9641A2C4}.Release|ARM.ActiveCfg = Release|Any CPU
		{8C4F9624-92F0-4BBC-B401-144D9641A2C4}.Release|ARM.Build.0 = Release|Any CPU
		{8C4F9624-92F0-4BBC-B401-144D9641A2C4}.Release|x64.ActiveCfg = Release|Any CPU
		{8C4F9624-92F0-4BBC-B401-144D9641A2C4}.Release|x64.Build.0 = Release|Any CPU
		{8C4F9624-92F0-4BBC-B401-144D9641A2C4}.Release|x86.ActiveCfg = Release|Any CPU
		{8C4F9624-92F0-4BBC-B401-144D9641A2C4}.Release|x86.Build.0 = Release|Any CPU
	EndGlobalSection
	GlobalSection(SolutionProperties) = preSolution
		HideSolutionNode = FALSE
	EndGlobalSection
	GlobalSection(NestedProjects) = preSolution
		{7396B4D3-3928-4E59-9E21-AB506D95B085} = {AA819677-967A-40C9-B2FD-EC09A646CF99}
		{95703107-126A-414F-AAE2-A5CC23339E63} = {AA819677-967A-40C9-B2FD-EC09A646CF99}
		{C333E675-5BFC-4D64-9EC0-E53F10AE9795} = {AA819677-967A-40C9-B2FD-EC09A646CF99}
		{4DE2FC0E-E960-4199-8207-185814F361E9} = {9DC85731-67D1-49DF-B697-B26232C97CFB}
		{6B9FE70F-FFED-488F-BA62-17DC9D5DDB2A} = {9DC85731-67D1-49DF-B697-B26232C97CFB}
		{8C4F9624-92F0-4BBC-B401-144D9641A2C4} = {D9A75FA9-37DC-4D72-A0FD-F1D3EFE7172D}
	EndGlobalSection
EndGlobal
